// !$*UTF8*$!
{
	archiveVersion = 1;
	classes = {
	};
	objectVersion = 55;
	objects = {

/* Begin PBXBuildFile section */
		FA2926DB29D43304005931AD /* CanvasViewController.swift in Sources */ = {isa = PBXBuildFile; fileRef = FA2926DA29D43304005931AD /* CanvasViewController.swift */; };
		FA2926DD29D4366C005931AD /* Extenstions+View.swift in Sources */ = {isa = PBXBuildFile; fileRef = FA2926DC29D4366C005931AD /* Extenstions+View.swift */; };
		FA31DB9829D405CC004FAC2F /* AppDelegate.swift in Sources */ = {isa = PBXBuildFile; fileRef = FA31DB9729D405CC004FAC2F /* AppDelegate.swift */; };
		FA31DB9A29D405CC004FAC2F /* SceneDelegate.swift in Sources */ = {isa = PBXBuildFile; fileRef = FA31DB9929D405CC004FAC2F /* SceneDelegate.swift */; };
		FA31DB9F29D405CC004FAC2F /* Main.storyboard in Resources */ = {isa = PBXBuildFile; fileRef = FA31DB9D29D405CC004FAC2F /* Main.storyboard */; };
		FA31DBA129D405CE004FAC2F /* Assets.xcassets in Resources */ = {isa = PBXBuildFile; fileRef = FA31DBA029D405CE004FAC2F /* Assets.xcassets */; };
		FA31DBA429D405CE004FAC2F /* LaunchScreen.storyboard in Resources */ = {isa = PBXBuildFile; fileRef = FA31DBA229D405CE004FAC2F /* LaunchScreen.storyboard */; };
		FAA095C429D7F84600513664 /* DrawCanvasView.swift in Sources */ = {isa = PBXBuildFile; fileRef = FAA095C329D7F84600513664 /* DrawCanvasView.swift */; };
/* End PBXBuildFile section */

/* Begin PBXFileReference section */
		FA2926DA29D43304005931AD /* CanvasViewController.swift */ = {isa = PBXFileReference; lastKnownFileType = sourcecode.swift; path = CanvasViewController.swift; sourceTree = "<group>"; };
		FA2926DC29D4366C005931AD /* Extenstions+View.swift */ = {isa = PBXFileReference; lastKnownFileType = sourcecode.swift; path = "Extenstions+View.swift"; sourceTree = "<group>"; };
		FA31DB9429D405CC004FAC2F /* Drawing App.app */ = {isa = PBXFileReference; explicitFileType = wrapper.application; includeInIndex = 0; path = "Drawing App.app"; sourceTree = BUILT_PRODUCTS_DIR; };
		FA31DB9729D405CC004FAC2F /* AppDelegate.swift */ = {isa = PBXFileReference; lastKnownFileType = sourcecode.swift; path = AppDelegate.swift; sourceTree = "<group>"; };
		FA31DB9929D405CC004FAC2F /* SceneDelegate.swift */ = {isa = PBXFileReference; lastKnownFileType = sourcecode.swift; path = SceneDelegate.swift; sourceTree = "<group>"; };
		FA31DB9E29D405CC004FAC2F /* Base */ = {isa = PBXFileReference; lastKnownFileType = file.storyboard; name = Base; path = Base.lproj/Main.storyboard; sourceTree = "<group>"; };
		FA31DBA029D405CE004FAC2F /* Assets.xcassets */ = {isa = PBXFileReference; lastKnownFileType = folder.assetcatalog; path = Assets.xcassets; sourceTree = "<group>"; };
		FA31DBA329D405CE004FAC2F /* Base */ = {isa = PBXFileReference; lastKnownFileType = file.storyboard; name = Base; path = Base.lproj/LaunchScreen.storyboard; sourceTree = "<group>"; };
		FA31DBA529D405CE004FAC2F /* Info.plist */ = {isa = PBXFileReference; lastKnownFileType = text.plist.xml; path = Info.plist; sourceTree = "<group>"; };
		FAA095C329D7F84600513664 /* DrawCanvasView.swift */ = {isa = PBXFileReference; lastKnownFileType = sourcecode.swift; path = DrawCanvasView.swift; sourceTree = "<group>"; };
/* End PBXFileReference section */

/* Begin PBXFrameworksBuildPhase section */
		FA31DB9129D405CC004FAC2F /* Frameworks */ = {
			isa = PBXFrameworksBuildPhase;
			buildActionMask = 2147483647;
			files = (
			);
			runOnlyForDeploymentPostprocessing = 0;
		};
/* End PBXFrameworksBuildPhase section */

/* Begin PBXGroup section */
		FA2926D829D432DB005931AD /* Canvas View */ = {
			isa = PBXGroup;
			children = (
				FAA095C529D7F86400513664 /* Model */,
				FA2926D929D432F3005931AD /* View */,
			);
			path = "Canvas View";
			sourceTree = "<group>";
		};
		FA2926D929D432F3005931AD /* View */ = {
			isa = PBXGroup;
			children = (
				FA2926DA29D43304005931AD /* CanvasViewController.swift */,
			);
			path = View;
			sourceTree = "<group>";
		};
		FA31DB8B29D405CC004FAC2F = {
			isa = PBXGroup;
			children = (
				FA31DB9629D405CC004FAC2F /* Drawing App */,
				FA31DB9529D405CC004FAC2F /* Products */,
			);
			sourceTree = "<group>";
		};
		FA31DB9529D405CC004FAC2F /* Products */ = {
			isa = PBXGroup;
			children = (
				FA31DB9429D405CC004FAC2F /* Drawing App.app */,
			);
			name = Products;
			sourceTree = "<group>";
		};
		FA31DB9629D405CC004FAC2F /* Drawing App */ = {
			isa = PBXGroup;
			children = (
				FA31DBB129D406AC004FAC2F /* Application */,
				FA31DBB029D40697004FAC2F /* Constant */,
				FA31DBAF29D4068B004FAC2F /* Extenstions */,
				FA31DBAE29D40677004FAC2F /* Serecns */,
				FA31DBAD29D40667004FAC2F /* Storyboard */,
				FA31DBAB29D40649004FAC2F /* Resourecs */,
				FA31DBA529D405CE004FAC2F /* Info.plist */,
			);
			path = "Drawing App";
			sourceTree = "<group>";
		};
		FA31DBAB29D40649004FAC2F /* Resourecs */ = {
			isa = PBXGroup;
			children = (
				FA31DBA029D405CE004FAC2F /* Assets.xcassets */,
			);
			path = Resourecs;
			sourceTree = "<group>";
		};
		FA31DBAD29D40667004FAC2F /* Storyboard */ = {
			isa = PBXGroup;
			children = (
				FA31DB9D29D405CC004FAC2F /* Main.storyboard */,
				FA31DBA229D405CE004FAC2F /* LaunchScreen.storyboard */,
			);
			path = Storyboard;
			sourceTree = "<group>";
		};
		FA31DBAE29D40677004FAC2F /* Serecns */ = {
			isa = PBXGroup;
			children = (
				FA2926D829D432DB005931AD /* Canvas View */,
			);
			path = Serecns;
			sourceTree = "<group>";
		};
		FA31DBAF29D4068B004FAC2F /* Extenstions */ = {
			isa = PBXGroup;
			children = (
				FA2926DC29D4366C005931AD /* Extenstions+View.swift */,
			);
			path = Extenstions;
			sourceTree = "<group>";
		};
		FA31DBB029D40697004FAC2F /* Constant */ = {
			isa = PBXGroup;
			children = (
				FAA095C329D7F84600513664 /* DrawCanvasView.swift */,
			);
			path = Constant;
			sourceTree = "<group>";
		};
		FA31DBB129D406AC004FAC2F /* Application */ = {
			isa = PBXGroup;
			children = (
				FA31DB9729D405CC004FAC2F /* AppDelegate.swift */,
				FA31DB9929D405CC004FAC2F /* SceneDelegate.swift */,
			);
			path = Application;
			sourceTree = "<group>";
		};
		FAA095C529D7F86400513664 /* Model */ = {
			isa = PBXGroup;
			children = (
			);
			path = Model;
			sourceTree = "<group>";
		};
/* End PBXGroup section */

/* Begin PBXNativeTarget section */
		FA31DB9329D405CC004FAC2F /* Drawing App */ = {
			isa = PBXNativeTarget;
			buildConfigurationList = FA31DBA829D405CE004FAC2F /* Build configuration list for PBXNativeTarget "Drawing App" */;
			buildPhases = (
				FA31DB9029D405CC004FAC2F /* Sources */,
				FA31DB9129D405CC004FAC2F /* Frameworks */,
				FA31DB9229D405CC004FAC2F /* Resources */,
			);
			buildRules = (
			);
			dependencies = (
			);
			name = "Drawing App";
			productName = "Drawing App";
			productReference = FA31DB9429D405CC004FAC2F /* Drawing App.app */;
			productType = "com.apple.product-type.application";
		};
/* End PBXNativeTarget section */

/* Begin PBXProject section */
		FA31DB8C29D405CC004FAC2F /* Project object */ = {
			isa = PBXProject;
			attributes = {
				BuildIndependentTargetsInParallel = 1;
				LastSwiftUpdateCheck = 1320;
				LastUpgradeCheck = 1320;
				TargetAttributes = {
					FA31DB9329D405CC004FAC2F = {
						CreatedOnToolsVersion = 13.2.1;
					};
				};
			};
			buildConfigurationList = FA31DB8F29D405CC004FAC2F /* Build configuration list for PBXProject "Drawing App" */;
			compatibilityVersion = "Xcode 13.0";
			developmentRegion = en;
			hasScannedForEncodings = 0;
			knownRegions = (
				en,
				Base,
			);
			mainGroup = FA31DB8B29D405CC004FAC2F;
			productRefGroup = FA31DB9529D405CC004FAC2F /* Products */;
			projectDirPath = "";
			projectRoot = "";
			targets = (
				FA31DB9329D405CC004FAC2F /* Drawing App */,
			);
		};
/* End PBXProject section */

/* Begin PBXResourcesBuildPhase section */
		FA31DB9229D405CC004FAC2F /* Resources */ = {
			isa = PBXResourcesBuildPhase;
			buildActionMask = 2147483647;
			files = (
				FA31DBA429D405CE004FAC2F /* LaunchScreen.storyboard in Resources */,
				FA31DBA129D405CE004FAC2F /* Assets.xcassets in Resources */,
				FA31DB9F29D405CC004FAC2F /* Main.storyboard in Resources */,
			);
			runOnlyForDeploymentPostprocessing = 0;
		};
/* End PBXResourcesBuildPhase section */

/* Begin PBXSourcesBuildPhase section */
		FA31DB9029D405CC004FAC2F /* Sources */ = {
			isa = PBXSourcesBuildPhase;
			buildActionMask = 2147483647;
			files = (
				FA31DB9829D405CC004FAC2F /* AppDelegate.swift in Sources */,
				FA2926DD29D4366C005931AD /* Extenstions+View.swift in Sources */,
				FA2926DB29D43304005931AD /* CanvasViewController.swift in Sources */,
				FAA095C429D7F84600513664 /* DrawCanvasView.swift in Sources */,
				FA31DB9A29D405CC004FAC2F /* SceneDelegate.swift in Sources */,
			);
			runOnlyForDeploymentPostprocessing = 0;
		};
/* End PBXSourcesBuildPhase section */

/* Begin PBXVariantGroup section */
		FA31DB9D29D405CC004FAC2F /* Main.storyboard */ = {
			isa = PBXVariantGroup;
			children = (
				FA31DB9E29D405CC004FAC2F /* Base */,
			);
			name = Main.storyboard;
			sourceTree = "<group>";
		};
		FA31DBA229D405CE004FAC2F /* LaunchScreen.storyboard */ = {
			isa = PBXVariantGroup;
			children = (
				FA31DBA329D405CE004FAC2F /* Base */,
			);
			name = LaunchScreen.storyboard;
			sourceTree = "<group>";
		};
/* End PBXVariantGroup section */

/* Begin XCBuildConfiguration section */
		FA31DBA629D405CE004FAC2F /* Debug */ = {
			isa = XCBuildConfiguration;
			buildSettings = {
				ALWAYS_SEARCH_USER_PATHS = NO;
				CLANG_ANALYZER_NONNULL = YES;
				CLANG_ANALYZER_NUMBER_OBJECT_CONVERSION = YES_AGGRESSIVE;
				CLANG_CXX_LANGUAGE_STANDARD = "gnu++17";
				CLANG_CXX_LIBRARY = "libc++";
				CLANG_ENABLE_MODULES = YES;
				CLANG_ENABLE_OBJC_ARC = YES;
				CLANG_ENABLE_OBJC_WEAK = YES;
				CLANG_WARN_BLOCK_CAPTURE_AUTORELEASING = YES;
				CLANG_WARN_BOOL_CONVERSION = YES;
				CLANG_WARN_COMMA = YES;
				CLANG_WARN_CONSTANT_CONVERSION = YES;
				CLANG_WARN_DEPRECATED_OBJC_IMPLEMENTATIONS = YES;
				CLANG_WARN_DIRECT_OBJC_ISA_USAGE = YES_ERROR;
				CLANG_WARN_DOCUMENTATION_COMMENTS = YES;
				CLANG_WARN_EMPTY_BODY = YES;
				CLANG_WARN_ENUM_CONVERSION = YES;
				CLANG_WARN_INFINITE_RECURSION = YES;
				CLANG_WARN_INT_CONVERSION = YES;
				CLANG_WARN_NON_LITERAL_NULL_CONVERSION = YES;
				CLANG_WARN_OBJC_IMPLICIT_RETAIN_SELF = YES;
				CLANG_WARN_OBJC_LITERAL_CONVERSION = YES;
				CLANG_WARN_OBJC_ROOT_CLASS = YES_ERROR;
				CLANG_WARN_QUOTED_INCLUDE_IN_FRAMEWORK_HEADER = YES;
				CLANG_WARN_RANGE_LOOP_ANALYSIS = YES;
				CLANG_WARN_STRICT_PROTOTYPES = YES;
				CLANG_WARN_SUSPICIOUS_MOVE = YES;
				CLANG_WARN_UNGUARDED_AVAILABILITY = YES_AGGRESSIVE;
				CLANG_WARN_UNREACHABLE_CODE = YES;
				CLANG_WARN__DUPLICATE_METHOD_MATCH = YES;
				COPY_PHASE_STRIP = NO;
				DEBUG_INFORMATION_FORMAT = dwarf;
				ENABLE_STRICT_OBJC_MSGSEND = YES;
				ENABLE_TESTABILITY = YES;
				GCC_C_LANGUAGE_STANDARD = gnu11;
				GCC_DYNAMIC_NO_PIC = NO;
				GCC_NO_COMMON_BLOCKS = YES;
				GCC_OPTIMIZATION_LEVEL = 0;
				GCC_PREPROCESSOR_DEFINITIONS = (
					"DEBUG=1",
					"$(inherited)",
				);
				GCC_WARN_64_TO_32_BIT_CONVERSION = YES;
				GCC_WARN_ABOUT_RETURN_TYPE = YES_ERROR;
				GCC_WARN_UNDECLARED_SELECTOR = YES;
				GCC_WARN_UNINITIALIZED_AUTOS = YES_AGGRESSIVE;
				GCC_WARN_UNUSED_FUNCTION = YES;
				GCC_WARN_UNUSED_VARIABLE = YES;
				IPHONEOS_DEPLOYMENT_TARGET = 15.2;
				MTL_ENABLE_DEBUG_INFO = INCLUDE_SOURCE;
				MTL_FAST_MATH = YES;
				ONLY_ACTIVE_ARCH = YES;
				SDKROOT = iphoneos;
				SWIFT_ACTIVE_COMPILATION_CONDITIONS = DEBUG;
				SWIFT_OPTIMIZATION_LEVEL = "-Onone";
			};
			name = Debug;
		};
		FA31DBA729D405CE004FAC2F /* Release */ = {
			isa = XCBuildConfiguration;
			buildSettings = {
				ALWAYS_SEARCH_USER_PATHS = NO;
				CLANG_ANALYZER_NONNULL = YES;
				CLANG_ANALYZER_NUMBER_OBJECT_CONVERSION = YES_AGGRESSIVE;
				CLANG_CXX_LANGUAGE_STANDARD = "gnu++17";
				CLANG_CXX_LIBRARY = "libc++";
				CLANG_ENABLE_MODULES = YES;
				CLANG_ENABLE_OBJC_ARC = YES;
				CLANG_ENABLE_OBJC_WEAK = YES;
				CLANG_WARN_BLOCK_CAPTURE_AUTORELEASING = YES;
				CLANG_WARN_BOOL_CONVERSION = YES;
				CLANG_WARN_COMMA = YES;
				CLANG_WARN_CONSTANT_CONVERSION = YES;
				CLANG_WARN_DEPRECATED_OBJC_IMPLEMENTATIONS = YES;
				CLANG_WARN_DIRECT_OBJC_ISA_USAGE = YES_ERROR;
				CLANG_WARN_DOCUMENTATION_COMMENTS = YES;
				CLANG_WARN_EMPTY_BODY = YES;
				CLANG_WARN_ENUM_CONVERSION = YES;
				CLANG_WARN_INFINITE_RECURSION = YES;
				CLANG_WARN_INT_CONVERSION = YES;
				CLANG_WARN_NON_LITERAL_NULL_CONVERSION = YES;
				CLANG_WARN_OBJC_IMPLICIT_RETAIN_SELF = YES;
				CLANG_WARN_OBJC_LITERAL_CONVERSION = YES;
				CLANG_WARN_OBJC_ROOT_CLASS = YES_ERROR;
				CLANG_WARN_QUOTED_INCLUDE_IN_FRAMEWORK_HEADER = YES;
				CLANG_WARN_RANGE_LOOP_ANALYSIS = YES;
				CLANG_WARN_STRICT_PROTOTYPES = YES;
				CLANG_WARN_SUSPICIOUS_MOVE = YES;
				CLANG_WARN_UNGUARDED_AVAILABILITY = YES_AGGRESSIVE;
				CLANG_WARN_UNREACHABLE_CODE = YES;
				CLANG_WARN__DUPLICATE_METHOD_MATCH = YES;
				COPY_PHASE_STRIP = NO;
				DEBUG_INFORMATION_FORMAT = "dwarf-with-dsym";
				ENABLE_NS_ASSERTIONS = NO;
				ENABLE_STRICT_OBJC_MSGSEND = YES;
				GCC_C_LANGUAGE_STANDARD = gnu11;
				GCC_NO_COMMON_BLOCKS = YES;
				GCC_WARN_64_TO_32_BIT_CONVERSION = YES;
				GCC_WARN_ABOUT_RETURN_TYPE = YES_ERROR;
				GCC_WARN_UNDECLARED_SELECTOR = YES;
				GCC_WARN_UNINITIALIZED_AUTOS = YES_AGGRESSIVE;
				GCC_WARN_UNUSED_FUNCTION = YES;
				GCC_WARN_UNUSED_VARIABLE = YES;
				IPHONEOS_DEPLOYMENT_TARGET = 15.2;
				MTL_ENABLE_DEBUG_INFO = NO;
				MTL_FAST_MATH = YES;
				SDKROOT = iphoneos;
				SWIFT_COMPILATION_MODE = wholemodule;
				SWIFT_OPTIMIZATION_LEVEL = "-O";
				VALIDATE_PRODUCT = YES;
			};
			name = Release;
		};
		FA31DBA929D405CE004FAC2F /* Debug */ = {
			isa = XCBuildConfiguration;
			buildSettings = {
				ASSETCATALOG_COMPILER_APPICON_NAME = AppIcon;
				ASSETCATALOG_COMPILER_GLOBAL_ACCENT_COLOR_NAME = AccentColor;
				CODE_SIGN_STYLE = Automatic;
				CURRENT_PROJECT_VERSION = 1;
				DEVELOPMENT_TEAM = K6BJ9JXQPF;
				GENERATE_INFOPLIST_FILE = YES;
				INFOPLIST_FILE = "Drawing App/Info.plist";
				INFOPLIST_KEY_UIApplicationSupportsIndirectInputEvents = YES;
				INFOPLIST_KEY_UILaunchStoryboardName = LaunchScreen;
				INFOPLIST_KEY_UIMainStoryboardFile = Main;
				INFOPLIST_KEY_UISupportedInterfaceOrientations = "UIInterfaceOrientationPortrait UIInterfaceOrientationLandscapeLeft UIInterfaceOrientationLandscapeRight";
				INFOPLIST_KEY_UISupportedInterfaceOrientations_iPad = "UIInterfaceOrientationPortrait UIInterfaceOrientationPortraitUpsideDown UIInterfaceOrientationLandscapeLeft UIInterfaceOrientationLandscapeRight";
				INFOPLIST_KEY_UISupportedInterfaceOrientations_iPhone = "UIInterfaceOrientationPortrait UIInterfaceOrientationLandscapeLeft UIInterfaceOrientationLandscapeRight";
				IPHONEOS_DEPLOYMENT_TARGET = 15.0;
				LD_RUNPATH_SEARCH_PATHS = (
					"$(inherited)",
					"@executable_path/Frameworks",
				);
				MARKETING_VERSION = 1.0;
				PRODUCT_BUNDLE_IDENTIFIER = "com.systemsApp.Drawing-App";
				PRODUCT_NAME = "$(TARGET_NAME)";
				SWIFT_EMIT_LOC_STRINGS = YES;
				SWIFT_VERSION = 5.0;
				TARGETED_DEVICE_FAMILY = "1,2";
			};
			name = Debug;
		};
		FA31DBAA29D405CE004FAC2F /* Release */ = {
			isa = XCBuildConfiguration;
			buildSettings = {
				ASSETCATALOG_COMPILER_APPICON_NAME = AppIcon;
				ASSETCATALOG_COMPILER_GLOBAL_ACCENT_COLOR_NAME = AccentColor;
				CODE_SIGN_STYLE = Automatic;
				CURRENT_PROJECT_VERSION = 1;
				DEVELOPMENT_TEAM = K6BJ9JXQPF;
				GENERATE_INFOPLIST_FILE = YES;
				INFOPLIST_FILE = "Drawing App/Info.plist";
				INFOPLIST_KEY_UIApplicationSupportsIndirectInputEvents = YES;
				INFOPLIST_KEY_UILaunchStoryboardName = LaunchScreen;
				INFOPLIST_KEY_UIMainStoryboardFile = Main;
				INFOPLIST_KEY_UISupportedInterfaceOrientations = "UIInterfaceOrientationPortrait UIInterfaceOrientationLandscapeLeft UIInterfaceOrientationLandscapeRight";
				INFOPLIST_KEY_UISupportedInterfaceOrientations_iPad = "UIInterfaceOrientationPortrait UIInterfaceOrientationPortraitUpsideDown UIInterfaceOrientationLandscapeLeft UIInterfaceOrientationLandscapeRight";
				INFOPLIST_KEY_UISupportedInterfaceOrientations_iPhone = "UIInterfaceOrientationPortrait UIInterfaceOrientationLandscapeLeft UIInterfaceOrientationLandscapeRight";
				IPHONEOS_DEPLOYMENT_TARGET = 15.0;
				LD_RUNPATH_SEARCH_PATHS = (
					"$(inherited)",
					"@executable_path/Frameworks",
				);
				MARKETING_VERSION = 1.0;
				PRODUCT_BUNDLE_IDENTIFIER = "com.systemsApp.Drawing-App";
				PRODUCT_NAME = "$(TARGET_NAME)";
				SWIFT_EMIT_LOC_STRINGS = YES;
				SWIFT_VERSION = 5.0;
				TARGETED_DEVICE_FAMILY = "1,2";
			};
			name = Release;
		};
/* End XCBuildConfiguration section */

/* Begin XCConfigurationList section */
		FA31DB8F29D405CC004FAC2F /* Build configuration list for PBXProject "Drawing App" */ = {
			isa = XCConfigurationList;
			buildConfigurations = (
				FA31DBA629D405CE004FAC2F /* Debug */,
				FA31DBA729D405CE004FAC2F /* Release */,
			);
			defaultConfigurationIsVisible = 0;
			defaultConfigurationName = Release;
		};
		FA31DBA829D405CE004FAC2F /* Build configuration list for PBXNativeTarget "Drawing App" */ = {
			isa = XCConfigurationList;
			buildConfigurations = (
				FA31DBA929D405CE004FAC2F /* Debug */,
				FA31DBAA29D405CE004FAC2F /* Release */,
			);
			defaultConfigurationIsVisible = 0;
			defaultConfigurationName = Release;
		};
/* End XCConfigurationList section */
	};
	rootObject = FA31DB8C29D405CC004FAC2F /* Project object */;
}
